// !$*UTF8*$!
{
	archiveVersion = 1;
	classes = {
	};
	objectVersion = 50;
	objects = {

/* Begin PBXBuildFile section */
		C35FB06021FC51DE00957AA0 /* AppDelegate.swift in Sources */ = {isa = PBXBuildFile; fileRef = C35FB05F21FC51DE00957AA0 /* AppDelegate.swift */; };
		C35FB06221FC51DE00957AA0 /* ViewController.swift in Sources */ = {isa = PBXBuildFile; fileRef = C35FB06121FC51DE00957AA0 /* ViewController.swift */; };
		C35FB06521FC51DE00957AA0 /* Main.storyboard in Resources */ = {isa = PBXBuildFile; fileRef = C35FB06321FC51DE00957AA0 /* Main.storyboard */; };
		C35FB06721FC51DF00957AA0 /* Assets.xcassets in Resources */ = {isa = PBXBuildFile; fileRef = C35FB06621FC51DF00957AA0 /* Assets.xcassets */; };
		C35FB06A21FC51DF00957AA0 /* LaunchScreen.storyboard in Resources */ = {isa = PBXBuildFile; fileRef = C35FB06821FC51DF00957AA0 /* LaunchScreen.storyboard */; };
		C35FB07521FC51DF00957AA0 /* TumblrTests.swift in Sources */ = {isa = PBXBuildFile; fileRef = C35FB07421FC51DF00957AA0 /* TumblrTests.swift */; };
		C35FB08021FC51DF00957AA0 /* TumblrUITests.swift in Sources */ = {isa = PBXBuildFile; fileRef = C35FB07F21FC51DF00957AA0 /* TumblrUITests.swift */; };
/* End PBXBuildFile section */

/* Begin PBXContainerItemProxy section */
		C35FB07121FC51DF00957AA0 /* PBXContainerItemProxy */ = {
			isa = PBXContainerItemProxy;
			containerPortal = C35FB05421FC51DE00957AA0 /* Project object */;
			proxyType = 1;
			remoteGlobalIDString = C35FB05B21FC51DE00957AA0;
			remoteInfo = Tumblr;
		};
		C35FB07C21FC51DF00957AA0 /* PBXContainerItemProxy */ = {
			isa = PBXContainerItemProxy;
			containerPortal = C35FB05421FC51DE00957AA0 /* Project object */;
			proxyType = 1;
			remoteGlobalIDString = C35FB05B21FC51DE00957AA0;
			remoteInfo = Tumblr;
		};
/* End PBXContainerItemProxy section */

/* Begin PBXFileReference section */
		C35FB05C21FC51DE00957AA0 /* Tumblr.app */ = {isa = PBXFileReference; explicitFileType = wrapper.application; includeInIndex = 0; path = Tumblr.app; sourceTree = BUILT_PRODUCTS_DIR; };
		C35FB05F21FC51DE00957AA0 /* AppDelegate.swift */ = {isa = PBXFileReference; lastKnownFileType = sourcecode.swift; path = AppDelegate.swift; sourceTree = "<group>"; };
		C35FB06121FC51DE00957AA0 /* ViewController.swift */ = {isa = PBXFileReference; lastKnownFileType = sourcecode.swift; path = ViewController.swift; sourceTree = "<group>"; };
		C35FB06421FC51DE00957AA0 /* Base */ = {isa = PBXFileReference; lastKnownFileType = file.storyboard; name = Base; path = Base.lproj/Main.storyboard; sourceTree = "<group>"; };
		C35FB06621FC51DF00957AA0 /* Assets.xcassets */ = {isa = PBXFileReference; lastKnownFileType = folder.assetcatalog; path = Assets.xcassets; sourceTree = "<group>"; };
		C35FB06921FC51DF00957AA0 /* Base */ = {isa = PBXFileReference; lastKnownFileType = file.storyboard; name = Base; path = Base.lproj/LaunchScreen.storyboard; sourceTree = "<group>"; };
		C35FB06B21FC51DF00957AA0 /* Info.plist */ = {isa = PBXFileReference; lastKnownFileType = text.plist.xml; path = Info.plist; sourceTree = "<group>"; };
		C35FB07021FC51DF00957AA0 /* TumblrTests.xctest */ = {isa = PBXFileReference; explicitFileType = wrapper.cfbundle; includeInIndex = 0; path = TumblrTests.xctest; sourceTree = BUILT_PRODUCTS_DIR; };
		C35FB07421FC51DF00957AA0 /* TumblrTests.swift */ = {isa = PBXFileReference; lastKnownFileType = sourcecode.swift; path = TumblrTests.swift; sourceTree = "<group>"; };
		C35FB07621FC51DF00957AA0 /* Info.plist */ = {isa = PBXFileReference; lastKnownFileType = text.plist.xml; path = Info.plist; sourceTree = "<group>"; };
		C35FB07B21FC51DF00957AA0 /* TumblrUITests.xctest */ = {isa = PBXFileReference; explicitFileType = wrapper.cfbundle; includeInIndex = 0; path = TumblrUITests.xctest; sourceTree = BUILT_PRODUCTS_DIR; };
		C35FB07F21FC51DF00957AA0 /* TumblrUITests.swift */ = {isa = PBXFileReference; lastKnownFileType = sourcecode.swift; path = TumblrUITests.swift; sourceTree = "<group>"; };
		C35FB08121FC51DF00957AA0 /* Info.plist */ = {isa = PBXFileReference; lastKnownFileType = text.plist.xml; path = Info.plist; sourceTree = "<group>"; };
/* End PBXFileReference section */

/* Begin PBXFrameworksBuildPhase section */
		C35FB05921FC51DE00957AA0 /* Frameworks */ = {
			isa = PBXFrameworksBuildPhase;
			buildActionMask = 2147483647;
			files = (
			);
			runOnlyForDeploymentPostprocessing = 0;
		};
		C35FB06D21FC51DF00957AA0 /* Frameworks */ = {
			isa = PBXFrameworksBuildPhase;
			buildActionMask = 2147483647;
			files = (
			);
			runOnlyForDeploymentPostprocessing = 0;
		};
		C35FB07821FC51DF00957AA0 /* Frameworks */ = {
			isa = PBXFrameworksBuildPhase;
			buildActionMask = 2147483647;
			files = (
			);
			runOnlyForDeploymentPostprocessing = 0;
		};
/* End PBXFrameworksBuildPhase section */

/* Begin PBXGroup section */
		C35FB05321FC51DE00957AA0 = {
			isa = PBXGroup;
			children = (
				C35FB05E21FC51DE00957AA0 /* Tumblr */,
				C35FB07321FC51DF00957AA0 /* TumblrTests */,
				C35FB07E21FC51DF00957AA0 /* TumblrUITests */,
				C35FB05D21FC51DE00957AA0 /* Products */,
			);
			sourceTree = "<group>";
		};
		C35FB05D21FC51DE00957AA0 /* Products */ = {
			isa = PBXGroup;
			children = (
				C35FB05C21FC51DE00957AA0 /* Tumblr.app */,
				C35FB07021FC51DF00957AA0 /* TumblrTests.xctest */,
				C35FB07B21FC51DF00957AA0 /* TumblrUITests.xctest */,
			);
			name = Products;
			sourceTree = "<group>";
		};
		C35FB05E21FC51DE00957AA0 /* Tumblr */ = {
			isa = PBXGroup;
			children = (
				C35FB05F21FC51DE00957AA0 /* AppDelegate.swift */,
				C35FB06121FC51DE00957AA0 /* ViewController.swift */,
				C35FB06321FC51DE00957AA0 /* Main.storyboard */,
				C35FB06621FC51DF00957AA0 /* Assets.xcassets */,
				C35FB06821FC51DF00957AA0 /* LaunchScreen.storyboard */,
				C35FB06B21FC51DF00957AA0 /* Info.plist */,
			);
			path = Tumblr;
			sourceTree = "<group>";
		};
		C35FB07321FC51DF00957AA0 /* TumblrTests */ = {
			isa = PBXGroup;
			children = (
				C35FB07421FC51DF00957AA0 /* TumblrTests.swift */,
				C35FB07621FC51DF00957AA0 /* Info.plist */,
			);
			path = TumblrTests;
			sourceTree = "<group>";
		};
		C35FB07E21FC51DF00957AA0 /* TumblrUITests */ = {
			isa = PBXGroup;
			children = (
				C35FB07F21FC51DF00957AA0 /* TumblrUITests.swift */,
				C35FB08121FC51DF00957AA0 /* Info.plist */,
			);
			path = TumblrUITests;
			sourceTree = "<group>";
		};
/* End PBXGroup section */

/* Begin PBXNativeTarget section */
		C35FB05B21FC51DE00957AA0 /* Tumblr */ = {
			isa = PBXNativeTarget;
			buildConfigurationList = C35FB08421FC51DF00957AA0 /* Build configuration list for PBXNativeTarget "Tumblr" */;
			buildPhases = (
				C35FB05821FC51DE00957AA0 /* Sources */,
				C35FB05921FC51DE00957AA0 /* Frameworks */,
				C35FB05A21FC51DE00957AA0 /* Resources */,
			);
			buildRules = (
			);
			dependencies = (
			);
			name = Tumblr;
			productName = Tumblr;
			productReference = C35FB05C21FC51DE00957AA0 /* Tumblr.app */;
			productType = "com.apple.product-type.application";
		};
		C35FB06F21FC51DF00957AA0 /* TumblrTests */ = {
			isa = PBXNativeTarget;
			buildConfigurationList = C35FB08721FC51DF00957AA0 /* Build configuration list for PBXNativeTarget "TumblrTests" */;
			buildPhases = (
				C35FB06C21FC51DF00957AA0 /* Sources */,
				C35FB06D21FC51DF00957AA0 /* Frameworks */,
				C35FB06E21FC51DF00957AA0 /* Resources */,
			);
			buildRules = (
			);
			dependencies = (
				C35FB07221FC51DF00957AA0 /* PBXTargetDependency */,
			);
			name = TumblrTests;
			productName = TumblrTests;
			productReference = C35FB07021FC51DF00957AA0 /* TumblrTests.xctest */;
			productType = "com.apple.product-type.bundle.unit-test";
		};
		C35FB07A21FC51DF00957AA0 /* TumblrUITests */ = {
			isa = PBXNativeTarget;
			buildConfigurationList = C35FB08A21FC51DF00957AA0 /* Build configuration list for PBXNativeTarget "TumblrUITests" */;
			buildPhases = (
				C35FB07721FC51DF00957AA0 /* Sources */,
				C35FB07821FC51DF00957AA0 /* Frameworks */,
				C35FB07921FC51DF00957AA0 /* Resources */,
			);
			buildRules = (
			);
			dependencies = (
				C35FB07D21FC51DF00957AA0 /* PBXTargetDependency */,
			);
			name = TumblrUITests;
			productName = TumblrUITests;
			productReference = C35FB07B21FC51DF00957AA0 /* TumblrUITests.xctest */;
			productType = "com.apple.product-type.bundle.ui-testing";
		};
/* End PBXNativeTarget section */

/* Begin PBXProject section */
		C35FB05421FC51DE00957AA0 /* Project object */ = {
			isa = PBXProject;
			attributes = {
				LastSwiftUpdateCheck = 1010;
				LastUpgradeCheck = 1010;
				ORGANIZATIONNAME = cdc;
				TargetAttributes = {
					C35FB05B21FC51DE00957AA0 = {
						CreatedOnToolsVersion = 10.1;
					};
					C35FB06F21FC51DF00957AA0 = {
						CreatedOnToolsVersion = 10.1;
						TestTargetID = C35FB05B21FC51DE00957AA0;
					};
					C35FB07A21FC51DF00957AA0 = {
						CreatedOnToolsVersion = 10.1;
						TestTargetID = C35FB05B21FC51DE00957AA0;
					};
				};
			};
			buildConfigurationList = C35FB05721FC51DE00957AA0 /* Build configuration list for PBXProject "Tumblr" */;
			compatibilityVersion = "Xcode 9.3";
			developmentRegion = en;
			hasScannedForEncodings = 0;
			knownRegions = (
				en,
				Base,
			);
			mainGroup = C35FB05321FC51DE00957AA0;
			productRefGroup = C35FB05D21FC51DE00957AA0 /* Products */;
			projectDirPath = "";
			projectRoot = "";
			targets = (
				C35FB05B21FC51DE00957AA0 /* Tumblr */,
				C35FB06F21FC51DF00957AA0 /* TumblrTests */,
				C35FB07A21FC51DF00957AA0 /* TumblrUITests */,
			);
		};
/* End PBXProject section */

/* Begin PBXResourcesBuildPhase section */
		C35FB05A21FC51DE00957AA0 /* Resources */ = {
			isa = PBXResourcesBuildPhase;
			buildActionMask = 2147483647;
			files = (
				C35FB06A21FC51DF00957AA0 /* LaunchScreen.storyboard in Resources */,
				C35FB06721FC51DF00957AA0 /* Assets.xcassets in Resources */,
				C35FB06521FC51DE00957AA0 /* Main.storyboard in Resources */,
			);
			runOnlyForDeploymentPostprocessing = 0;
		};
		C35FB06E21FC51DF00957AA0 /* Resources */ = {
			isa = PBXResourcesBuildPhase;
			buildActionMask = 2147483647;
			files = (
			);
			runOnlyForDeploymentPostprocessing = 0;
		};
		C35FB07921FC51DF00957AA0 /* Resources */ = {
			isa = PBXResourcesBuildPhase;
			buildActionMask = 2147483647;
			files = (
			);
			runOnlyForDeploymentPostprocessing = 0;
		};
/* End PBXResourcesBuildPhase section */

/* Begin PBXSourcesBuildPhase section */
		C35FB05821FC51DE00957AA0 /* Sources */ = {
			isa = PBXSourcesBuildPhase;
			buildActionMask = 2147483647;
			files = (
				C35FB06221FC51DE00957AA0 /* ViewController.swift in Sources */,
				C35FB06021FC51DE00957AA0 /* AppDelegate.swift in Sources */,
			);
			runOnlyForDeploymentPostprocessing = 0;
		};
		C35FB06C21FC51DF00957AA0 /* Sources */ = {
			isa = PBXSourcesBuildPhase;
			buildActionMask = 2147483647;
			files = (
				C35FB07521FC51DF00957AA0 /* TumblrTests.swift in Sources */,
			);
			runOnlyForDeploymentPostprocessing = 0;
		};
		C35FB07721FC51DF00957AA0 /* Sources */ = {
			isa = PBXSourcesBuildPhase;
			buildActionMask = 2147483647;
			files = (
				C35FB08021FC51DF00957AA0 /* TumblrUITests.swift in Sources */,
			);
			runOnlyForDeploymentPostprocessing = 0;
		};
/* End PBXSourcesBuildPhase section */

/* Begin PBXTargetDependency section */
		C35FB07221FC51DF00957AA0 /* PBXTargetDependency */ = {
			isa = PBXTargetDependency;
			target = C35FB05B21FC51DE00957AA0 /* Tumblr */;
			targetProxy = C35FB07121FC51DF00957AA0 /* PBXContainerItemProxy */;
		};
		C35FB07D21FC51DF00957AA0 /* PBXTargetDependency */ = {
			isa = PBXTargetDependency;
			target = C35FB05B21FC51DE00957AA0 /* Tumblr */;
			targetProxy = C35FB07C21FC51DF00957AA0 /* PBXContainerItemProxy */;
		};
/* End PBXTargetDependency section */

/* Begin PBXVariantGroup section */
		C35FB06321FC51DE00957AA0 /* Main.storyboard */ = {
			isa = PBXVariantGroup;
			children = (
				C35FB06421FC51DE00957AA0 /* Base */,
			);
			name = Main.storyboard;
			sourceTree = "<group>";
		};
		C35FB06821FC51DF00957AA0 /* LaunchScreen.storyboard */ = {
			isa = PBXVariantGroup;
			children = (
				C35FB06921FC51DF00957AA0 /* Base */,
			);
			name = LaunchScreen.storyboard;
			sourceTree = "<group>";
		};
/* End PBXVariantGroup section */

/* Begin XCBuildConfiguration section */
		C35FB08221FC51DF00957AA0 /* Debug */ = {
			isa = XCBuildConfiguration;
			buildSettings = {
				ALWAYS_SEARCH_USER_PATHS = NO;
				CLANG_ANALYZER_NONNULL = YES;
				CLANG_ANALYZER_NUMBER_OBJECT_CONVERSION = YES_AGGRESSIVE;
				CLANG_CXX_LANGUAGE_STANDARD = "gnu++14";
				CLANG_CXX_LIBRARY = "libc++";
				CLANG_ENABLE_MODULES = YES;
				CLANG_ENABLE_OBJC_ARC = YES;
				CLANG_ENABLE_OBJC_WEAK = YES;
				CLANG_WARN_BLOCK_CAPTURE_AUTORELEASING = YES;
				CLANG_WARN_BOOL_CONVERSION = YES;
				CLANG_WARN_COMMA = YES;
				CLANG_WARN_CONSTANT_CONVERSION = YES;
				CLANG_WARN_DEPRECATED_OBJC_IMPLEMENTATIONS = YES;
				CLANG_WARN_DIRECT_OBJC_ISA_USAGE = YES_ERROR;
				CLANG_WARN_DOCUMENTATION_COMMENTS = YES;
				CLANG_WARN_EMPTY_BODY = YES;
				CLANG_WARN_ENUM_CONVERSION = YES;
				CLANG_WARN_INFINITE_RECURSION = YES;
				CLANG_WARN_INT_CONVERSION = YES;
				CLANG_WARN_NON_LITERAL_NULL_CONVERSION = YES;
				CLANG_WARN_OBJC_IMPLICIT_RETAIN_SELF = YES;
				CLANG_WARN_OBJC_LITERAL_CONVERSION = YES;
				CLANG_WARN_OBJC_ROOT_CLASS = YES_ERROR;
				CLANG_WARN_RANGE_LOOP_ANALYSIS = YES;
				CLANG_WARN_STRICT_PROTOTYPES = YES;
				CLANG_WARN_SUSPICIOUS_MOVE = YES;
				CLANG_WARN_UNGUARDED_AVAILABILITY = YES_AGGRESSIVE;
				CLANG_WARN_UNREACHABLE_CODE = YES;
				CLANG_WARN__DUPLICATE_METHOD_MATCH = YES;
				CODE_SIGN_IDENTITY = "iPhone Developer";
				COPY_PHASE_STRIP = NO;
				DEBUG_INFORMATION_FORMAT = dwarf;
				ENABLE_STRICT_OBJC_MSGSEND = YES;
				ENABLE_TESTABILITY = YES;
				GCC_C_LANGUAGE_STANDARD = gnu11;
				GCC_DYNAMIC_NO_PIC = NO;
				GCC_NO_COMMON_BLOCKS = YES;
				GCC_OPTIMIZATION_LEVEL = 0;
				GCC_PREPROCESSOR_DEFINITIONS = (
					"DEBUG=1",
					"$(inherited)",
				);
				GCC_WARN_64_TO_32_BIT_CONVERSION = YES;
				GCC_WARN_ABOUT_RETURN_TYPE = YES_ERROR;
				GCC_WARN_UNDECLARED_SELECTOR = YES;
				GCC_WARN_UNINITIALIZED_AUTOS = YES_AGGRESSIVE;
				GCC_WARN_UNUSED_FUNCTION = YES;
				GCC_WARN_UNUSED_VARIABLE = YES;
				IPHONEOS_DEPLOYMENT_TARGET = 12.1;
				MTL_ENABLE_DEBUG_INFO = INCLUDE_SOURCE;
				MTL_FAST_MATH = YES;
				ONLY_ACTIVE_ARCH = YES;
				SDKROOT = iphoneos;
				SWIFT_ACTIVE_COMPILATION_CONDITIONS = DEBUG;
				SWIFT_OPTIMIZATION_LEVEL = "-Onone";
			};
			name = Debug;
		};
		C35FB08321FC51DF00957AA0 /* Release */ = {
			isa = XCBuildConfiguration;
			buildSettings = {
				ALWAYS_SEARCH_USER_PATHS = NO;
				CLANG_ANALYZER_NONNULL = YES;
				CLANG_ANALYZER_NUMBER_OBJECT_CONVERSION = YES_AGGRESSIVE;
				CLANG_CXX_LANGUAGE_STANDARD = "gnu++14";
				CLANG_CXX_LIBRARY = "libc++";
				CLANG_ENABLE_MODULES = YES;
				CLANG_ENABLE_OBJC_ARC = YES;
				CLANG_ENABLE_OBJC_WEAK = YES;
				CLANG_WARN_BLOCK_CAPTURE_AUTORELEASING = YES;
				CLANG_WARN_BOOL_CONVERSION = YES;
				CLANG_WARN_COMMA = YES;
				CLANG_WARN_CONSTANT_CONVERSION = YES;
				CLANG_WARN_DEPRECATED_OBJC_IMPLEMENTATIONS = YES;
				CLANG_WARN_DIRECT_OBJC_ISA_USAGE = YES_ERROR;
				CLANG_WARN_DOCUMENTATION_COMMENTS = YES;
				CLANG_WARN_EMPTY_BODY = YES;
				CLANG_WARN_ENUM_CONVERSION = YES;
				CLANG_WARN_INFINITE_RECURSION = YES;
				CLANG_WARN_INT_CONVERSION = YES;
				CLANG_WARN_NON_LITERAL_NULL_CONVERSION = YES;
				CLANG_WARN_OBJC_IMPLICIT_RETAIN_SELF = YES;
				CLANG_WARN_OBJC_LITERAL_CONVERSION = YES;
				CLANG_WARN_OBJC_ROOT_CLASS = YES_ERROR;
				CLANG_WARN_RANGE_LOOP_ANALYSIS = YES;
				CLANG_WARN_STRICT_PROTOTYPES = YES;
				CLANG_WARN_SUSPICIOUS_MOVE = YES;
				CLANG_WARN_UNGUARDED_AVAILABILITY = YES_AGGRESSIVE;
				CLANG_WARN_UNREACHABLE_CODE = YES;
				CLANG_WARN__DUPLICATE_METHOD_MATCH = YES;
				CODE_SIGN_IDENTITY = "iPhone Developer";
				COPY_PHASE_STRIP = NO;
				DEBUG_INFORMATION_FORMAT = "dwarf-with-dsym";
				ENABLE_NS_ASSERTIONS = NO;
				ENABLE_STRICT_OBJC_MSGSEND = YES;
				GCC_C_LANGUAGE_STANDARD = gnu11;
				GCC_NO_COMMON_BLOCKS = YES;
				GCC_WARN_64_TO_32_BIT_CONVERSION = YES;
				GCC_WARN_ABOUT_RETURN_TYPE = YES_ERROR;
				GCC_WARN_UNDECLARED_SELECTOR = YES;
				GCC_WARN_UNINITIALIZED_AUTOS = YES_AGGRESSIVE;
				GCC_WARN_UNUSED_FUNCTION = YES;
				GCC_WARN_UNUSED_VARIABLE = YES;
				IPHONEOS_DEPLOYMENT_TARGET = 12.1;
				MTL_ENABLE_DEBUG_INFO = NO;
				MTL_FAST_MATH = YES;
				SDKROOT = iphoneos;
				SWIFT_COMPILATION_MODE = wholemodule;
				SWIFT_OPTIMIZATION_LEVEL = "-O";
				VALIDATE_PRODUCT = YES;
			};
			name = Release;
		};
		C35FB08521FC51DF00957AA0 /* Debug */ = {
			isa = XCBuildConfiguration;
			buildSettings = {
				ASSETCATALOG_COMPILER_APPICON_NAME = AppIcon;
				CODE_SIGN_STYLE = Automatic;
				INFOPLIST_FILE = Tumblr/Info.plist;
				LD_RUNPATH_SEARCH_PATHS = (
					"$(inherited)",
					"@executable_path/Frameworks",
				);
				PRODUCT_BUNDLE_IDENTIFIER = cdclaw23.Tumblr;
				PRODUCT_NAME = "$(TARGET_NAME)";
				SWIFT_VERSION = 4.2;
				TARGETED_DEVICE_FAMILY = "1,2";
			};
			name = Debug;
		};
		C35FB08621FC51DF00957AA0 /* Release */ = {
			isa = XCBuildConfiguration;
			buildSettings = {
				ASSETCATALOG_COMPILER_APPICON_NAME = AppIcon;
				CODE_SIGN_STYLE = Automatic;
				INFOPLIST_FILE = Tumblr/Info.plist;
				LD_RUNPATH_SEARCH_PATHS = (
					"$(inherited)",
					"@executable_path/Frameworks",
				);
				PRODUCT_BUNDLE_IDENTIFIER = cdclaw23.Tumblr;
				PRODUCT_NAME = "$(TARGET_NAME)";
				SWIFT_VERSION = 4.2;
				TARGETED_DEVICE_FAMILY = "1,2";
			};
			name = Release;
		};
		C35FB08821FC51DF00957AA0 /* Debug */ = {
			isa = XCBuildConfiguration;
			buildSettings = {
				ALWAYS_EMBED_SWIFT_STANDARD_LIBRARIES = YES;
				BUNDLE_LOADER = "$(TEST_HOST)";
				CODE_SIGN_STYLE = Automatic;
				INFOPLIST_FILE = TumblrTests/Info.plist;
				LD_RUNPATH_SEARCH_PATHS = (
					"$(inherited)",
					"@executable_path/Frameworks",
					"@loader_path/Frameworks",
				);
				PRODUCT_BUNDLE_IDENTIFIER = cdclaw23.TumblrTests;
				PRODUCT_NAME = "$(TARGET_NAME)";
				SWIFT_VERSION = 4.2;
				TARGETED_DEVICE_FAMILY = "1,2";
				TEST_HOST = "$(BUILT_PRODUCTS_DIR)/Tumblr.app/Tumblr";
			};
			name = Debug;
		};
		C35FB08921FC51DF00957AA0 /* Release */ = {
			isa = XCBuildConfiguration;
			buildSettings = {
				ALWAYS_EMBED_SWIFT_STANDARD_LIBRARIES = YES;
				BUNDLE_LOADER = "$(TEST_HOST)";
				CODE_SIGN_STYLE = Automatic;
				INFOPLIST_FILE = TumblrTests/Info.plist;
				LD_RUNPATH_SEARCH_PATHS = (
					"$(inherited)",
					"@executable_path/Frameworks",
					"@loader_path/Frameworks",
				);
				PRODUCT_BUNDLE_IDENTIFIER = cdclaw23.TumblrTests;
				PRODUCT_NAME = "$(TARGET_NAME)";
				SWIFT_VERSION = 4.2;
				TARGETED_DEVICE_FAMILY = "1,2";
				TEST_HOST = "$(BUILT_PRODUCTS_DIR)/Tumblr.app/Tumblr";
			};
			name = Release;
		};
		C35FB08B21FC51DF00957AA0 /* Debug */ = {
			isa = XCBuildConfiguration;
			buildSettings = {
				ALWAYS_EMBED_SWIFT_STANDARD_LIBRARIES = YES;
				CODE_SIGN_STYLE = Automatic;
				INFOPLIST_FILE = TumblrUITests/Info.plist;
				LD_RUNPATH_SEARCH_PATHS = (
					"$(inherited)",
					"@executable_path/Frameworks",
					"@loader_path/Frameworks",
				);
				PRODUCT_BUNDLE_IDENTIFIER = cdclaw23.TumblrUITests;
				PRODUCT_NAME = "$(TARGET_NAME)";
				SWIFT_VERSION = 4.2;
				TARGETED_DEVICE_FAMILY = "1,2";
				TEST_TARGET_NAME = Tumblr;
			};
			name = Debug;
		};
		C35FB08C21FC51DF00957AA0 /* Release */ = {
			isa = XCBuildConfiguration;
			buildSettings = {
				ALWAYS_EMBED_SWIFT_STANDARD_LIBRARIES = YES;
				CODE_SIGN_STYLE = Automatic;
				INFOPLIST_FILE = TumblrUITests/Info.plist;
				LD_RUNPATH_SEARCH_PATHS = (
					"$(inherited)",
					"@executable_path/Frameworks",
					"@loader_path/Frameworks",
				);
				PRODUCT_BUNDLE_IDENTIFIER = cdclaw23.TumblrUITests;
				PRODUCT_NAME = "$(TARGET_NAME)";
				SWIFT_VERSION = 4.2;
				TARGETED_DEVICE_FAMILY = "1,2";
				TEST_TARGET_NAME = Tumblr;
			};
			name = Release;
		};
/* End XCBuildConfiguration section */

/* Begin XCConfigurationList section */
		C35FB05721FC51DE00957AA0 /* Build configuration list for PBXProject "Tumblr" */ = {
			isa = XCConfigurationList;
			buildConfigurations = (
				C35FB08221FC51DF00957AA0 /* Debug */,
				C35FB08321FC51DF00957AA0 /* Release */,
			);
			defaultConfigurationIsVisible = 0;
			defaultConfigurationName = Release;
		};
		C35FB08421FC51DF00957AA0 /* Build configuration list for PBXNativeTarget "Tumblr" */ = {
			isa = XCConfigurationList;
			buildConfigurations = (
				C35FB08521FC51DF00957AA0 /* Debug */,
				C35FB08621FC51DF00957AA0 /* Release */,
			);
			defaultConfigurationIsVisible = 0;
			defaultConfigurationName = Release;
		};
		C35FB08721FC51DF00957AA0 /* Build configuration list for PBXNativeTarget "TumblrTests" */ = {
			isa = XCConfigurationList;
			buildConfigurations = (
				C35FB08821FC51DF00957AA0 /* Debug */,
				C35FB08921FC51DF00957AA0 /* Release */,
			);
			defaultConfigurationIsVisible = 0;
			defaultConfigurationName = Release;
		};
		C35FB08A21FC51DF00957AA0 /* Build configuration list for PBXNativeTarget "TumblrUITests" */ = {
			isa = XCConfigurationList;
			buildConfigurations = (
				C35FB08B21FC51DF00957AA0 /* Debug */,
				C35FB08C21FC51DF00957AA0 /* Release */,
			);
			defaultConfigurationIsVisible = 0;
			defaultConfigurationName = Release;
		};
/* End XCConfigurationList section */
	};
	rootObject = C35FB05421FC51DE00957AA0 /* Project object */;
}
